
Microsoft Visual Studio Solution File, Format Version 12.00
# Visual Studio Version 17
VisualStudioVersion = 17.6.33829.357
MinimumVisualStudioVersion = 10.0.40219.1
Project("{FAE04EC0-301F-11D3-BF4B-00C04F79EFBC}") = "SegundaPracticaMVC", "SegundaPracticaMVC.csproj", "{5FB196FC-B77D-429D-A7BA-3E2221B248AE}"
EndProject
Global
	GlobalSection(SolutionConfigurationPlatforms) = preSolution
		Debug|Any CPU = Debug|Any CPU
		Release|Any CPU = Release|Any CPU
	EndGlobalSection
	GlobalSection(ProjectConfigurationPlatforms) = postSolution
		{5FB196FC-B77D-429D-A7BA-3E2221B248AE}.Debug|Any CPU.ActiveCfg = Debug|Any CPU
		{5FB196FC-B77D-429D-A7BA-3E2221B248AE}.Debug|Any CPU.Build.0 = Debug|Any CPU
		{5FB196FC-B77D-429D-A7BA-3E2221B248AE}.Release|Any CPU.ActiveCfg = Release|Any CPU
		{5FB196FC-B77D-429D-A7BA-3E2221B248AE}.Release|Any CPU.Build.0 = Release|Any CPU
	EndGlobalSection
	GlobalSection(SolutionProperties) = preSolution
		HideSolutionNode = FALSE
	EndGlobalSection
	GlobalSection(ExtensibilityGlobals) = postSolution
		SolutionGuid = {C8993200-749D-4D9E-A032-F94E7B7ED792}
	EndGlobalSection
EndGlobal
